
Microsoft Visual Studio Solution File, Format Version 12.00
# Visual Studio Version 17
VisualStudioVersion = 17.5.002.0
MinimumVisualStudioVersion = 10.0.40219.1
Project("{9A19103F-16F7-4668-BE54-9A1E7A4F7556}") = "DisplayEmailAddresses", "DisplayEmailAddresses.csproj", "{E1097B90-D7F7-4E11-A177-EC7802835EAC}"
EndProject
Global
	GlobalSection(SolutionConfigurationPlatforms) = preSolution
		Debug|Any CPU = Debug|Any CPU
		Release|Any CPU = Release|Any CPU
	EndGlobalSection
	GlobalSection(ProjectConfigurationPlatforms) = postSolution
		{E1097B90-D7F7-4E11-A177-EC7802835EAC}.Debug|Any CPU.ActiveCfg = Debug|Any CPU
		{E1097B90-D7F7-4E11-A177-EC7802835EAC}.Debug|Any CPU.Build.0 = Debug|Any CPU
		{E1097B90-D7F7-4E11-A177-EC7802835EAC}.Release|Any CPU.ActiveCfg = Release|Any CPU
		{E1097B90-D7F7-4E11-A177-EC7802835EAC}.Release|Any CPU.Build.0 = Release|Any CPU
	EndGlobalSection
	GlobalSection(SolutionProperties) = preSolution
		HideSolutionNode = FALSE
	EndGlobalSection
	GlobalSection(ExtensibilityGlobals) = postSolution
		SolutionGuid = {5B56CA0E-A892-4651-9E6C-42747E8AB486}
	EndGlobalSection
EndGlobal
