
Microsoft Visual Studio Solution File, Format Version 12.00
# Visual Studio Version 17
VisualStudioVersion = 17.5.002.0
MinimumVisualStudioVersion = 10.0.40219.1
Project("{9A19103F-16F7-4668-BE54-9A1E7A4F7556}") = "While-DoWhile-Excercises", "While-DoWhile-Excercises.csproj", "{FDE309F5-BBFC-4BD7-9930-BD110AD49FC4}"
EndProject
Global
	GlobalSection(SolutionConfigurationPlatforms) = preSolution
		Debug|Any CPU = Debug|Any CPU
		Release|Any CPU = Release|Any CPU
	EndGlobalSection
	GlobalSection(ProjectConfigurationPlatforms) = postSolution
		{FDE309F5-BBFC-4BD7-9930-BD110AD49FC4}.Debug|Any CPU.ActiveCfg = Debug|Any CPU
		{FDE309F5-BBFC-4BD7-9930-BD110AD49FC4}.Debug|Any CPU.Build.0 = Debug|Any CPU
		{FDE309F5-BBFC-4BD7-9930-BD110AD49FC4}.Release|Any CPU.ActiveCfg = Release|Any CPU
		{FDE309F5-BBFC-4BD7-9930-BD110AD49FC4}.Release|Any CPU.Build.0 = Release|Any CPU
	EndGlobalSection
	GlobalSection(SolutionProperties) = preSolution
		HideSolutionNode = FALSE
	EndGlobalSection
	GlobalSection(ExtensibilityGlobals) = postSolution
		SolutionGuid = {819166B6-02B7-40BD-A289-34E670A61222}
	EndGlobalSection
EndGlobal
