
Microsoft Visual Studio Solution File, Format Version 12.00
# Visual Studio Version 17
VisualStudioVersion = 17.5.002.0
MinimumVisualStudioVersion = 10.0.40219.1
Project("{9A19103F-16F7-4668-BE54-9A1E7A4F7556}") = "ContosoPetsNewVersion", "ContosoPetsNewVersion.csproj", "{EED3A942-DA68-423D-8220-DFD1AF69C29B}"
EndProject
Global
	GlobalSection(SolutionConfigurationPlatforms) = preSolution
		Debug|Any CPU = Debug|Any CPU
		Release|Any CPU = Release|Any CPU
	EndGlobalSection
	GlobalSection(ProjectConfigurationPlatforms) = postSolution
		{EED3A942-DA68-423D-8220-DFD1AF69C29B}.Debug|Any CPU.ActiveCfg = Debug|Any CPU
		{EED3A942-DA68-423D-8220-DFD1AF69C29B}.Debug|Any CPU.Build.0 = Debug|Any CPU
		{EED3A942-DA68-423D-8220-DFD1AF69C29B}.Release|Any CPU.ActiveCfg = Release|Any CPU
		{EED3A942-DA68-423D-8220-DFD1AF69C29B}.Release|Any CPU.Build.0 = Release|Any CPU
	EndGlobalSection
	GlobalSection(SolutionProperties) = preSolution
		HideSolutionNode = FALSE
	EndGlobalSection
	GlobalSection(ExtensibilityGlobals) = postSolution
		SolutionGuid = {2CF9C0A8-D73C-4BC8-959B-2DC1814E9916}
	EndGlobalSection
EndGlobal
