
Microsoft Visual Studio Solution File, Format Version 12.00
# Visual Studio Version 17
VisualStudioVersion = 17.5.002.0
MinimumVisualStudioVersion = 10.0.40219.1
Project("{9A19103F-16F7-4668-BE54-9A1E7A4F7556}") = "FradulentOrder", "FradulentOrder.csproj", "{173D9AB7-FB56-4E2A-9010-71F38614B148}"
EndProject
Global
	GlobalSection(SolutionConfigurationPlatforms) = preSolution
		Debug|Any CPU = Debug|Any CPU
		Release|Any CPU = Release|Any CPU
	EndGlobalSection
	GlobalSection(ProjectConfigurationPlatforms) = postSolution
		{173D9AB7-FB56-4E2A-9010-71F38614B148}.Debug|Any CPU.ActiveCfg = Debug|Any CPU
		{173D9AB7-FB56-4E2A-9010-71F38614B148}.Debug|Any CPU.Build.0 = Debug|Any CPU
		{173D9AB7-FB56-4E2A-9010-71F38614B148}.Release|Any CPU.ActiveCfg = Release|Any CPU
		{173D9AB7-FB56-4E2A-9010-71F38614B148}.Release|Any CPU.Build.0 = Release|Any CPU
	EndGlobalSection
	GlobalSection(SolutionProperties) = preSolution
		HideSolutionNode = FALSE
	EndGlobalSection
	GlobalSection(ExtensibilityGlobals) = postSolution
		SolutionGuid = {13E5F9C9-3272-4DEB-84CA-A11FF94E999D}
	EndGlobalSection
EndGlobal
