
Microsoft Visual Studio Solution File, Format Version 12.00
# Visual Studio Version 17
VisualStudioVersion = 17.5.002.0
MinimumVisualStudioVersion = 10.0.40219.1
Project("{9A19103F-16F7-4668-BE54-9A1E7A4F7556}") = "ContosoPets", "ContosoPets.csproj", "{C191FB87-1F6F-4CB1-AB90-7CA3770D3DB3}"
EndProject
Global
	GlobalSection(SolutionConfigurationPlatforms) = preSolution
		Debug|Any CPU = Debug|Any CPU
		Release|Any CPU = Release|Any CPU
	EndGlobalSection
	GlobalSection(ProjectConfigurationPlatforms) = postSolution
		{C191FB87-1F6F-4CB1-AB90-7CA3770D3DB3}.Debug|Any CPU.ActiveCfg = Debug|Any CPU
		{C191FB87-1F6F-4CB1-AB90-7CA3770D3DB3}.Debug|Any CPU.Build.0 = Debug|Any CPU
		{C191FB87-1F6F-4CB1-AB90-7CA3770D3DB3}.Release|Any CPU.ActiveCfg = Release|Any CPU
		{C191FB87-1F6F-4CB1-AB90-7CA3770D3DB3}.Release|Any CPU.Build.0 = Release|Any CPU
	EndGlobalSection
	GlobalSection(SolutionProperties) = preSolution
		HideSolutionNode = FALSE
	EndGlobalSection
	GlobalSection(ExtensibilityGlobals) = postSolution
		SolutionGuid = {CF75F611-309F-405A-9944-86D2446813E3}
	EndGlobalSection
EndGlobal
