
Microsoft Visual Studio Solution File, Format Version 12.00
# Visual Studio Version 17
VisualStudioVersion = 17.5.002.0
MinimumVisualStudioVersion = 10.0.40219.1
Project("{9A19103F-16F7-4668-BE54-9A1E7A4F7556}") = "ReuseableMethod", "ReuseableMethod.csproj", "{3E9154BB-B5FB-465D-BEAA-A5EEF2C48F51}"
EndProject
Global
	GlobalSection(SolutionConfigurationPlatforms) = preSolution
		Debug|Any CPU = Debug|Any CPU
		Release|Any CPU = Release|Any CPU
	EndGlobalSection
	GlobalSection(ProjectConfigurationPlatforms) = postSolution
		{3E9154BB-B5FB-465D-BEAA-A5EEF2C48F51}.Debug|Any CPU.ActiveCfg = Debug|Any CPU
		{3E9154BB-B5FB-465D-BEAA-A5EEF2C48F51}.Debug|Any CPU.Build.0 = Debug|Any CPU
		{3E9154BB-B5FB-465D-BEAA-A5EEF2C48F51}.Release|Any CPU.ActiveCfg = Release|Any CPU
		{3E9154BB-B5FB-465D-BEAA-A5EEF2C48F51}.Release|Any CPU.Build.0 = Release|Any CPU
	EndGlobalSection
	GlobalSection(SolutionProperties) = preSolution
		HideSolutionNode = FALSE
	EndGlobalSection
	GlobalSection(ExtensibilityGlobals) = postSolution
		SolutionGuid = {FD1AE607-16AF-4876-9F3F-76BA6DB533B2}
	EndGlobalSection
EndGlobal
